
Microsoft Visual Studio Solution File, Format Version 12.00
# Visual Studio Version 17
VisualStudioVersion = 17.8.34309.116
MinimumVisualStudioVersion = 10.0.40219.1
Project("{FAE04EC0-301F-11D3-BF4B-00C04F79EFBC}") = "SkyGuru.Api", "Server\SkyGuru\SkyGuru.Api\SkyGuru.Api.csproj", "{4B952167-664C-4E14-9618-C240BBCEC47B}"
EndProject
Global
	GlobalSection(SolutionConfigurationPlatforms) = preSolution
		Debug|Any CPU = Debug|Any CPU
		Release|Any CPU = Release|Any CPU
	EndGlobalSection
	GlobalSection(ProjectConfigurationPlatforms) = postSolution
		{4B952167-664C-4E14-9618-C240BBCEC47B}.Debug|Any CPU.ActiveCfg = Debug|Any CPU
		{4B952167-664C-4E14-9618-C240BBCEC47B}.Debug|Any CPU.Build.0 = Debug|Any CPU
		{4B952167-664C-4E14-9618-C240BBCEC47B}.Release|Any CPU.ActiveCfg = Release|Any CPU
		{4B952167-664C-4E14-9618-C240BBCEC47B}.Release|Any CPU.Build.0 = Release|Any CPU
	EndGlobalSection
	GlobalSection(SolutionProperties) = preSolution
		HideSolutionNode = FALSE
	EndGlobalSection
	GlobalSection(ExtensibilityGlobals) = postSolution
		SolutionGuid = {7504030E-5798-4179-9AC9-37073CE0A24C}
	EndGlobalSection
EndGlobal
